# @generated by Move, please check-in and do not edit manually.

[move]
version = 3
manifest_digest = "6929529496AA89868348C08F516DF0D146022D195F79CDFE8D9CC6FDA3A2A76F"
deps_digest = "3C4103934B1E040BB6B23F1D610B4EF9F2F1166A50A104EADCF77467C004C600"
dependencies = [
  { id = "Sui", name = "Sui" },
  { id = "seal", name = "seal" },
]

[[move.package]]
id = "MoveStdlib"
source = { git = "https://github.com/MystenLabs/sui.git", rev = "testnet-v1.52.1", subdir = "crates/sui-framework/packages/move-stdlib" }

[[move.package]]
id = "Sui"
source = { git = "https://github.com/MystenLabs/sui.git", rev = "testnet-v1.52.1", subdir = "crates/sui-framework/packages/sui-framework" }

dependencies = [
  { id = "MoveStdlib", name = "MoveStdlib" },
]

[[move.package]]
id = "seal"
source = { local = "seal/move/seal" }

dependencies = [
  { id = "Sui", name = "Sui" },
]

[move.toolchain-version]
compiler-version = "1.37.3"
edition = "2024.beta"
flavor = "sui"

[env]

[env.localnet]
chain-id = "0bacbb4f"
original-published-id = "0x5416ac83b5c6f50f8fa9090627c119d60191d841f96924f2aabab6b941790de7"
latest-published-id = "0x5416ac83b5c6f50f8fa9090627c119d60191d841f96924f2aabab6b941790de7"
[env.testnet]
chain-id = "4c78adac"
original-published-id = "0x3a06f6786062fdf1f13711c33edec17fa299f0eb5b7ed43d3fcfb4ddac839805"
latest-published-id = "0x3a06f6786062fdf1f13711c33edec17fa299f0eb5b7ed43d3fcfb4ddac839805"
published-version = "1"
